
Microsoft Visual Studio Solution File, Format Version 12.00
# Visual Studio Version 17
VisualStudioVersion = 17.12.35707.178 d17.12
MinimumVisualStudioVersion = 10.0.40219.1
Project("{FAE04EC0-301F-11D3-BF4B-00C04F79EFBC}") = "PharmaRosterAPI", "PharmaRosterAPI\PharmaRosterAPI.csproj", "{E1B104F7-D940-46A0-8E1C-410B3C9991DC}"
EndProject
Project("{FAE04EC0-301F-11D3-BF4B-00C04F79EFBC}") = "PharmaRosterLib", "PharmaRosterLib\PharmaRosterLib.csproj", "{2798BC2C-DA77-4DB0-84CE-81DBD25234A3}"
EndProject
Global
	GlobalSection(SolutionConfigurationPlatforms) = preSolution
		Debug|Any CPU = Debug|Any CPU
		Release|Any CPU = Release|Any CPU
	EndGlobalSection
	GlobalSection(ProjectConfigurationPlatforms) = postSolution
		{E1B104F7-D940-46A0-8E1C-410B3C9991DC}.Debug|Any CPU.ActiveCfg = Debug|Any CPU
		{E1B104F7-D940-46A0-8E1C-410B3C9991DC}.Debug|Any CPU.Build.0 = Debug|Any CPU
		{E1B104F7-D940-46A0-8E1C-410B3C9991DC}.Release|Any CPU.ActiveCfg = Release|Any CPU
		{E1B104F7-D940-46A0-8E1C-410B3C9991DC}.Release|Any CPU.Build.0 = Release|Any CPU
		{2798BC2C-DA77-4DB0-84CE-81DBD25234A3}.Debug|Any CPU.ActiveCfg = Debug|Any CPU
		{2798BC2C-DA77-4DB0-84CE-81DBD25234A3}.Debug|Any CPU.Build.0 = Debug|Any CPU
		{2798BC2C-DA77-4DB0-84CE-81DBD25234A3}.Release|Any CPU.ActiveCfg = Release|Any CPU
		{2798BC2C-DA77-4DB0-84CE-81DBD25234A3}.Release|Any CPU.Build.0 = Release|Any CPU
	EndGlobalSection
	GlobalSection(SolutionProperties) = preSolution
		HideSolutionNode = FALSE
	EndGlobalSection
EndGlobal
